{
  "object": {
    "pins": [
      {
        "package": "CSQLite",
        "repositoryURL": "https://github.com/groue/CSQLite.git",
        "state": {
          "branch": null,
          "revision": "51210b121508dd91dcced13d398269c004b0f1b5",
          "version": "0.2.0"
        }
      },
      {
        "package": "GRDB",
        "repositoryURL": "https://github.com/groue/GRDB.swift.git",
        "state": {
          "branch": "Swift4",
          "revision": "cafbecd8afe0300cf53575ff24e203e0ec1632ce",
          "version": null
        }
      },
      {
        "package": "SwiftPM",
        "repositoryURL": "https://github.com/apple/swift-package-manager.git",
        "state": {
          "branch": null,
          "revision": "90abb3c4c9415afee34291e66e655c58a1902784",
          "version": "0.1.0"
        }
      }
    ]
  },
  "version": 1
}
